
Microsoft Visual Studio Solution File, Format Version 9.00
# Visual C# Express 2005
Project("{FAE04EC0-301F-11D3-BF4B-00C04F79EFBC}") = "E4Gamma", "E4Gamma\E4Gamma.csproj", "{CFB26213-4837-4569-ABB3-C6CB3F88ACE4}"
EndProject
Project("{FAE04EC0-301F-11D3-BF4B-00C04F79EFBC}") = "E4Gamma.Physics", "E4Gamma.Physics\E4Gamma.Physics.csproj", "{CFB01824-E5C6-431D-859D-912B7C4EBE48}"
EndProject
Project("{FAE04EC0-301F-11D3-BF4B-00C04F79EFBC}") = "E4Gamma.Collision", "E4Gamma.Collision\E4Gamma.Collision.csproj", "{347EA61C-F30B-4477-BDD8-915A68D015D5}"
EndProject
Project("{FAE04EC0-301F-11D3-BF4B-00C04F79EFBC}") = "E4Gamma.AI", "E4Gamma.AI\E4Gamma.AI.csproj", "{348CD2B0-2127-4DCB-9A37-005441B1E58D}"
EndProject
Global
	GlobalSection(SolutionConfigurationPlatforms) = preSolution
		Debug|Any CPU = Debug|Any CPU
		Release|Any CPU = Release|Any CPU
	EndGlobalSection
	GlobalSection(ProjectConfigurationPlatforms) = postSolution
		{CFB26213-4837-4569-ABB3-C6CB3F88ACE4}.Debug|Any CPU.ActiveCfg = Debug|Any CPU
		{CFB26213-4837-4569-ABB3-C6CB3F88ACE4}.Debug|Any CPU.Build.0 = Debug|Any CPU
		{CFB26213-4837-4569-ABB3-C6CB3F88ACE4}.Release|Any CPU.ActiveCfg = Release|Any CPU
		{CFB26213-4837-4569-ABB3-C6CB3F88ACE4}.Release|Any CPU.Build.0 = Release|Any CPU
		{CFB01824-E5C6-431D-859D-912B7C4EBE48}.Debug|Any CPU.ActiveCfg = Debug|Any CPU
		{CFB01824-E5C6-431D-859D-912B7C4EBE48}.Debug|Any CPU.Build.0 = Debug|Any CPU
		{CFB01824-E5C6-431D-859D-912B7C4EBE48}.Release|Any CPU.ActiveCfg = Release|Any CPU
		{CFB01824-E5C6-431D-859D-912B7C4EBE48}.Release|Any CPU.Build.0 = Release|Any CPU
		{347EA61C-F30B-4477-BDD8-915A68D015D5}.Debug|Any CPU.ActiveCfg = Debug|Any CPU
		{347EA61C-F30B-4477-BDD8-915A68D015D5}.Debug|Any CPU.Build.0 = Debug|Any CPU
		{347EA61C-F30B-4477-BDD8-915A68D015D5}.Release|Any CPU.ActiveCfg = Release|Any CPU
		{347EA61C-F30B-4477-BDD8-915A68D015D5}.Release|Any CPU.Build.0 = Release|Any CPU
		{348CD2B0-2127-4DCB-9A37-005441B1E58D}.Debug|Any CPU.ActiveCfg = Debug|Any CPU
		{348CD2B0-2127-4DCB-9A37-005441B1E58D}.Debug|Any CPU.Build.0 = Debug|Any CPU
		{348CD2B0-2127-4DCB-9A37-005441B1E58D}.Release|Any CPU.ActiveCfg = Release|Any CPU
		{348CD2B0-2127-4DCB-9A37-005441B1E58D}.Release|Any CPU.Build.0 = Release|Any CPU
	EndGlobalSection
	GlobalSection(SolutionProperties) = preSolution
		HideSolutionNode = FALSE
	EndGlobalSection
EndGlobal
