// !$*UTF8*$!
{
	archiveVersion = 1;
	classes = {
	};
	objectVersion = 46;
	objects = {

/* Begin PBXBuildFile section */
		A20B5A89148B596800C3992A /* main.cpp in Sources */ = {isa = PBXBuildFile; fileRef = A20B5A87148B596100C3992A /* main.cpp */; };
		A216BCD1148B6AD900EDE365 /* GLUT.framework in Frameworks */ = {isa = PBXBuildFile; fileRef = A216BCD0148B6AD900EDE365 /* GLUT.framework */; };
		A216BCD3148B6AFA00EDE365 /* OpenGL.framework in Frameworks */ = {isa = PBXBuildFile; fileRef = A216BCD2148B6AFA00EDE365 /* OpenGL.framework */; };
		A216BCD4148B6AFF00EDE365 /* libE4Ggl.a in Frameworks */ = {isa = PBXBuildFile; fileRef = A24CC858148AFBBD00DC07E8 /* libE4Ggl.a */; };
		A216BCE1148B6BA200EDE365 /* FileSystemDataStore.cpp in Sources */ = {isa = PBXBuildFile; fileRef = A216BCD6148B6B6900EDE365 /* FileSystemDataStore.cpp */; };
		A216BCE2148B6BA200EDE365 /* FlatFile.cpp in Sources */ = {isa = PBXBuildFile; fileRef = A216BCD7148B6B6900EDE365 /* FlatFile.cpp */; };
		A216BCE3148B6BA200EDE365 /* Iris.cpp in Sources */ = {isa = PBXBuildFile; fileRef = A216BCD8148B6B6900EDE365 /* Iris.cpp */; };
		A216BCE8148B6CEE00EDE365 /* libE4Gcpp.a in Frameworks */ = {isa = PBXBuildFile; fileRef = A216BCDD148B6B9100EDE365 /* libE4Gcpp.a */; };
		A26B5815149D4B4E003090A2 /* GLSkinnedMesh.h in Headers */ = {isa = PBXBuildFile; fileRef = A26B5814149D4B4E003090A2 /* GLSkinnedMesh.h */; };
		A26B581A149DC3AF003090A2 /* TextFile.cpp in Sources */ = {isa = PBXBuildFile; fileRef = A26B5818149DC313003090A2 /* TextFile.cpp */; };
		A26B5837149DC6D7003090A2 /* test.fsh in Sources */ = {isa = PBXBuildFile; fileRef = A26B5830149DC6D7003090A2 /* test.fsh */; };
		A26B5838149DC6D7003090A2 /* test.vsh in Sources */ = {isa = PBXBuildFile; fileRef = A26B5831149DC6D7003090A2 /* test.vsh */; };
		A26F6B8B148C9C32003C1F9F /* IMesh.h in Headers */ = {isa = PBXBuildFile; fileRef = A26F6B87148C9C32003C1F9F /* IMesh.h */; };
		A26F6B8C148C9C32003C1F9F /* IModel.h in Headers */ = {isa = PBXBuildFile; fileRef = A26F6B88148C9C32003C1F9F /* IModel.h */; };
		A26F6B8D148C9C32003C1F9F /* IRenderer.h in Headers */ = {isa = PBXBuildFile; fileRef = A26F6B89148C9C32003C1F9F /* IRenderer.h */; };
		A27827DF148DEE07001AB506 /* GLMaterial.cpp in Sources */ = {isa = PBXBuildFile; fileRef = A27827D9148DEE07001AB506 /* GLMaterial.cpp */; };
		A27827E0148DEE07001AB506 /* GLMesh.cpp in Sources */ = {isa = PBXBuildFile; fileRef = A27827DA148DEE07001AB506 /* GLMesh.cpp */; };
		A27827E1148DEE07001AB506 /* GLModel.cpp in Sources */ = {isa = PBXBuildFile; fileRef = A27827DB148DEE07001AB506 /* GLModel.cpp */; };
		A27827E2148DEE07001AB506 /* GLRenderer.cpp in Sources */ = {isa = PBXBuildFile; fileRef = A27827DC148DEE07001AB506 /* GLRenderer.cpp */; };
		A27827E3148DEE07001AB506 /* GLShader.cpp in Sources */ = {isa = PBXBuildFile; fileRef = A27827DD148DEE07001AB506 /* GLShader.cpp */; };
		A27827E4148DEE07001AB506 /* GLTexture.cpp in Sources */ = {isa = PBXBuildFile; fileRef = A27827DE148DEE07001AB506 /* GLTexture.cpp */; };
		A2A6004814A07BD7007E0139 /* GLShaderProgram.cpp in Sources */ = {isa = PBXBuildFile; fileRef = A2A6004714A07BD7007E0139 /* GLShaderProgram.cpp */; };
		A2A6004B14A080F0007E0139 /* TAssetCache.h in Headers */ = {isa = PBXBuildFile; fileRef = A2A6004A14A080F0007E0139 /* TAssetCache.h */; };
		A2DD466114B01C94002822A0 /* TestGLRenderer.cpp in Sources */ = {isa = PBXBuildFile; fileRef = A2DD465E14B01BBB002822A0 /* TestGLRenderer.cpp */; };
		A2DD467914B43143002822A0 /* MathTest.cpp in Sources */ = {isa = PBXBuildFile; fileRef = A2DD466914B430F6002822A0 /* MathTest.cpp */; };
		A2DD467A14B43359002822A0 /* libE4Gcpp.a in Frameworks */ = {isa = PBXBuildFile; fileRef = A216BCDD148B6B9100EDE365 /* libE4Gcpp.a */; };
		A2DEA69B14A466D5005CD56F /* ICamera.h in Headers */ = {isa = PBXBuildFile; fileRef = A2DEA69A14A466D5005CD56F /* ICamera.h */; };
		A2DEA6A314A46798005CD56F /* Matrix.h in Headers */ = {isa = PBXBuildFile; fileRef = A2DEA6A014A46798005CD56F /* Matrix.h */; };
		A2DEA6A414A46798005CD56F /* Quaternion.h in Headers */ = {isa = PBXBuildFile; fileRef = A2DEA6A114A46798005CD56F /* Quaternion.h */; };
		A2DEA6A514A46798005CD56F /* Vector.h in Headers */ = {isa = PBXBuildFile; fileRef = A2DEA6A214A46798005CD56F /* Vector.h */; };
		A2DEA6A914A46B32005CD56F /* GLCamera.h in Headers */ = {isa = PBXBuildFile; fileRef = A2DEA6A814A46B32005CD56F /* GLCamera.h */; };
		A2DEA6AB14A46C2B005CD56F /* GLCamera.cpp in Sources */ = {isa = PBXBuildFile; fileRef = A2DEA6AA14A46C2B005CD56F /* GLCamera.cpp */; };
		A2DEA6AD14A46F8F005CD56F /* Frame.h in Headers */ = {isa = PBXBuildFile; fileRef = A2DEA6AC14A46F8F005CD56F /* Frame.h */; };
		A2F800CE14AC01B000AD78B7 /* Frame.cpp in Sources */ = {isa = PBXBuildFile; fileRef = A2F800CC14AC010400AD78B7 /* Frame.cpp */; };
		A2F800D614AC0D9A00AD78B7 /* Matrix.cpp in Sources */ = {isa = PBXBuildFile; fileRef = A2F800D014AC02B500AD78B7 /* Matrix.cpp */; };
		A2F800D714AC0DA300AD78B7 /* Quaternion.cpp in Sources */ = {isa = PBXBuildFile; fileRef = A2F800D114AC02B500AD78B7 /* Quaternion.cpp */; };
		A2F800D814AC0DA700AD78B7 /* Vector.cpp in Sources */ = {isa = PBXBuildFile; fileRef = A2F800D214AC02B500AD78B7 /* Vector.cpp */; };
/* End PBXBuildFile section */

/* Begin PBXCopyFilesBuildPhase section */
		A20B5A7B148B57BB00C3992A /* CopyFiles */ = {
			isa = PBXCopyFilesBuildPhase;
			buildActionMask = 2147483647;
			dstPath = /usr/share/man/man1/;
			dstSubfolderSpec = 0;
			files = (
			);
			runOnlyForDeploymentPostprocessing = 1;
		};
		A216BCC1148B63AC00EDE365 /* CopyFiles */ = {
			isa = PBXCopyFilesBuildPhase;
			buildActionMask = 2147483647;
			dstPath = /usr/share/man/man1/;
			dstSubfolderSpec = 0;
			files = (
			);
			runOnlyForDeploymentPostprocessing = 1;
		};
		A2DD466D14B43123002822A0 /* CopyFiles */ = {
			isa = PBXCopyFilesBuildPhase;
			buildActionMask = 2147483647;
			dstPath = /usr/share/man/man1/;
			dstSubfolderSpec = 0;
			files = (
			);
			runOnlyForDeploymentPostprocessing = 1;
		};
/* End PBXCopyFilesBuildPhase section */

/* Begin PBXFileReference section */
		A20B5A7D148B57BB00C3992A /* Unk */ = {isa = PBXFileReference; explicitFileType = "compiled.mach-o.executable"; includeInIndex = 0; path = Unk; sourceTree = BUILT_PRODUCTS_DIR; };
		A20B5A87148B596100C3992A /* main.cpp */ = {isa = PBXFileReference; fileEncoding = 4; lastKnownFileType = sourcecode.cpp.cpp; name = main.cpp; path = Tests/Unk/main.cpp; sourceTree = SOURCE_ROOT; };
		A216BCB5148B5E0E00EDE365 /* IDataStore.h */ = {isa = PBXFileReference; fileEncoding = 4; lastKnownFileType = sourcecode.c.h; path = IDataStore.h; sourceTree = "<group>"; };
		A216BCB6148B5E0E00EDE365 /* ISequenceReader.h */ = {isa = PBXFileReference; fileEncoding = 4; lastKnownFileType = sourcecode.c.h; path = ISequenceReader.h; sourceTree = "<group>"; };
		A216BCB7148B5E0E00EDE365 /* ITableReader.h */ = {isa = PBXFileReference; fileEncoding = 4; lastKnownFileType = sourcecode.c.h; path = ITableReader.h; sourceTree = "<group>"; };
		A216BCB8148B5E0E00EDE365 /* IUnknown.h */ = {isa = PBXFileReference; fileEncoding = 4; lastKnownFileType = sourcecode.c.h; path = IUnknown.h; sourceTree = "<group>"; };
		A216BCC3148B63AC00EDE365 /* GLTest */ = {isa = PBXFileReference; explicitFileType = "compiled.mach-o.executable"; includeInIndex = 0; path = GLTest; sourceTree = BUILT_PRODUCTS_DIR; };
		A216BCD0148B6AD900EDE365 /* GLUT.framework */ = {isa = PBXFileReference; lastKnownFileType = wrapper.framework; name = GLUT.framework; path = SDKs/MacOSX10.7.sdk/System/Library/Frameworks/GLUT.framework; sourceTree = DEVELOPER_DIR; };
		A216BCD2148B6AFA00EDE365 /* OpenGL.framework */ = {isa = PBXFileReference; lastKnownFileType = wrapper.framework; name = OpenGL.framework; path = SDKs/MacOSX10.7.sdk/System/Library/Frameworks/OpenGL.framework; sourceTree = DEVELOPER_DIR; };
		A216BCD6148B6B6900EDE365 /* FileSystemDataStore.cpp */ = {isa = PBXFileReference; lastKnownFileType = sourcecode.cpp.cpp; path = FileSystemDataStore.cpp; sourceTree = "<group>"; };
		A216BCD7148B6B6900EDE365 /* FlatFile.cpp */ = {isa = PBXFileReference; lastKnownFileType = sourcecode.cpp.cpp; path = FlatFile.cpp; sourceTree = "<group>"; };
		A216BCD8148B6B6900EDE365 /* Iris.cpp */ = {isa = PBXFileReference; lastKnownFileType = sourcecode.cpp.cpp; path = Iris.cpp; sourceTree = "<group>"; };
		A216BCDD148B6B9100EDE365 /* libE4Gcpp.a */ = {isa = PBXFileReference; explicitFileType = archive.ar; includeInIndex = 0; path = libE4Gcpp.a; sourceTree = BUILT_PRODUCTS_DIR; };
		A216BCE5148B6CAC00EDE365 /* FileSystemDataStore.h */ = {isa = PBXFileReference; lastKnownFileType = sourcecode.c.h; path = FileSystemDataStore.h; sourceTree = "<group>"; };
		A216BCE6148B6CAC00EDE365 /* FlatFile.h */ = {isa = PBXFileReference; lastKnownFileType = sourcecode.c.h; path = FlatFile.h; sourceTree = "<group>"; };
		A216BCE7148B6CAC00EDE365 /* Iris.h */ = {isa = PBXFileReference; lastKnownFileType = sourcecode.c.h; path = Iris.h; sourceTree = "<group>"; };
		A24CC858148AFBBD00DC07E8 /* libE4Ggl.a */ = {isa = PBXFileReference; explicitFileType = archive.ar; includeInIndex = 0; path = libE4Ggl.a; sourceTree = BUILT_PRODUCTS_DIR; };
		A24CC86D148AFC8100DC07E8 /* GLIncludes.h */ = {isa = PBXFileReference; fileEncoding = 4; lastKnownFileType = sourcecode.c.h; name = GLIncludes.h; path = Include/GL/GLIncludes.h; sourceTree = "<group>"; };
		A24CC86E148AFC8100DC07E8 /* GLMaterial.h */ = {isa = PBXFileReference; fileEncoding = 4; lastKnownFileType = sourcecode.c.h; name = GLMaterial.h; path = Include/GL/GLMaterial.h; sourceTree = "<group>"; };
		A24CC86F148AFC8100DC07E8 /* GLMesh.h */ = {isa = PBXFileReference; fileEncoding = 4; lastKnownFileType = sourcecode.c.h; name = GLMesh.h; path = Include/GL/GLMesh.h; sourceTree = "<group>"; };
		A24CC870148AFC8100DC07E8 /* GLModel.h */ = {isa = PBXFileReference; fileEncoding = 4; lastKnownFileType = sourcecode.c.h; name = GLModel.h; path = Include/GL/GLModel.h; sourceTree = "<group>"; };
		A24CC871148AFC8100DC07E8 /* GLRenderer.h */ = {isa = PBXFileReference; fileEncoding = 4; lastKnownFileType = sourcecode.c.h; name = GLRenderer.h; path = Include/GL/GLRenderer.h; sourceTree = "<group>"; xcLanguageSpecificationIdentifier = xcode.lang.cpp; };
		A24CC872148AFC8100DC07E8 /* GLShader.h */ = {isa = PBXFileReference; fileEncoding = 4; lastKnownFileType = sourcecode.c.h; name = GLShader.h; path = Include/GL/GLShader.h; sourceTree = "<group>"; };
		A24CC873148AFC8100DC07E8 /* GLTexture.h */ = {isa = PBXFileReference; fileEncoding = 4; lastKnownFileType = sourcecode.c.h; name = GLTexture.h; path = Include/GL/GLTexture.h; sourceTree = "<group>"; };
		A26B5814149D4B4E003090A2 /* GLSkinnedMesh.h */ = {isa = PBXFileReference; fileEncoding = 4; lastKnownFileType = sourcecode.c.h; path = GLSkinnedMesh.h; sourceTree = "<group>"; };
		A26B5817149DC2EF003090A2 /* TextFile.h */ = {isa = PBXFileReference; lastKnownFileType = sourcecode.c.h; path = TextFile.h; sourceTree = "<group>"; };
		A26B5818149DC313003090A2 /* TextFile.cpp */ = {isa = PBXFileReference; fileEncoding = 4; lastKnownFileType = sourcecode.cpp.cpp; path = TextFile.cpp; sourceTree = "<group>"; };
		A26B5830149DC6D7003090A2 /* test.fsh */ = {isa = PBXFileReference; fileEncoding = 4; lastKnownFileType = sourcecode.glsl; path = test.fsh; sourceTree = "<group>"; };
		A26B5831149DC6D7003090A2 /* test.vsh */ = {isa = PBXFileReference; fileEncoding = 4; lastKnownFileType = sourcecode.glsl; path = test.vsh; sourceTree = "<group>"; };
		A26B583A149DC739003090A2 /* test.mesh */ = {isa = PBXFileReference; fileEncoding = 4; lastKnownFileType = text; path = test.mesh; sourceTree = "<group>"; };
		A26F6B86148C9C32003C1F9F /* IMaterial.h */ = {isa = PBXFileReference; fileEncoding = 4; lastKnownFileType = sourcecode.c.h; path = IMaterial.h; sourceTree = "<group>"; };
		A26F6B87148C9C32003C1F9F /* IMesh.h */ = {isa = PBXFileReference; fileEncoding = 4; lastKnownFileType = sourcecode.c.h; path = IMesh.h; sourceTree = "<group>"; };
		A26F6B88148C9C32003C1F9F /* IModel.h */ = {isa = PBXFileReference; fileEncoding = 4; lastKnownFileType = sourcecode.c.h; path = IModel.h; sourceTree = "<group>"; };
		A26F6B89148C9C32003C1F9F /* IRenderer.h */ = {isa = PBXFileReference; fileEncoding = 4; lastKnownFileType = sourcecode.c.h; path = IRenderer.h; sourceTree = "<group>"; };
		A27827D9148DEE07001AB506 /* GLMaterial.cpp */ = {isa = PBXFileReference; fileEncoding = 4; lastKnownFileType = sourcecode.cpp.cpp; path = GLMaterial.cpp; sourceTree = "<group>"; };
		A27827DA148DEE07001AB506 /* GLMesh.cpp */ = {isa = PBXFileReference; fileEncoding = 4; lastKnownFileType = sourcecode.cpp.cpp; path = GLMesh.cpp; sourceTree = "<group>"; };
		A27827DB148DEE07001AB506 /* GLModel.cpp */ = {isa = PBXFileReference; fileEncoding = 4; lastKnownFileType = sourcecode.cpp.cpp; path = GLModel.cpp; sourceTree = "<group>"; };
		A27827DC148DEE07001AB506 /* GLRenderer.cpp */ = {isa = PBXFileReference; fileEncoding = 4; lastKnownFileType = sourcecode.cpp.cpp; path = GLRenderer.cpp; sourceTree = "<group>"; };
		A27827DD148DEE07001AB506 /* GLShader.cpp */ = {isa = PBXFileReference; fileEncoding = 4; lastKnownFileType = sourcecode.cpp.cpp; path = GLShader.cpp; sourceTree = "<group>"; };
		A27827DE148DEE07001AB506 /* GLTexture.cpp */ = {isa = PBXFileReference; fileEncoding = 4; lastKnownFileType = sourcecode.cpp.cpp; path = GLTexture.cpp; sourceTree = "<group>"; };
		A2A6003B14A074FB007E0139 /* test.material */ = {isa = PBXFileReference; lastKnownFileType = text; path = test.material; sourceTree = "<group>"; };
		A2A6003D14A0763F007E0139 /* test.model */ = {isa = PBXFileReference; fileEncoding = 4; lastKnownFileType = text; path = test.model; sourceTree = "<group>"; };
		A2A6003E14A07867007E0139 /* test.rgba */ = {isa = PBXFileReference; lastKnownFileType = file; path = test.rgba; sourceTree = "<group>"; };
		A2A6003F14A07931007E0139 /* test.spr */ = {isa = PBXFileReference; lastKnownFileType = text; path = test.spr; sourceTree = "<group>"; };
		A2A6004614A07A30007E0139 /* GLShaderProgram.h */ = {isa = PBXFileReference; lastKnownFileType = sourcecode.c.h; name = GLShaderProgram.h; path = Include/GL/GLShaderProgram.h; sourceTree = "<group>"; };
		A2A6004714A07BD7007E0139 /* GLShaderProgram.cpp */ = {isa = PBXFileReference; fileEncoding = 4; lastKnownFileType = sourcecode.cpp.cpp; path = GLShaderProgram.cpp; sourceTree = "<group>"; };
		A2A6004914A07FCF007E0139 /* IAssetLoader.h */ = {isa = PBXFileReference; lastKnownFileType = sourcecode.c.h; path = IAssetLoader.h; sourceTree = "<group>"; };
		A2A6004A14A080F0007E0139 /* TAssetCache.h */ = {isa = PBXFileReference; fileEncoding = 4; lastKnownFileType = sourcecode.c.h; path = TAssetCache.h; sourceTree = "<group>"; };
		A2DD465E14B01BBB002822A0 /* TestGLRenderer.cpp */ = {isa = PBXFileReference; fileEncoding = 4; lastKnownFileType = sourcecode.cpp.cpp; path = TestGLRenderer.cpp; sourceTree = "<group>"; };
		A2DD466914B430F6002822A0 /* MathTest.cpp */ = {isa = PBXFileReference; fileEncoding = 4; lastKnownFileType = sourcecode.cpp.cpp; path = MathTest.cpp; sourceTree = "<group>"; };
		A2DD466F14B43123002822A0 /* MathTest */ = {isa = PBXFileReference; explicitFileType = "compiled.mach-o.executable"; includeInIndex = 0; path = MathTest; sourceTree = BUILT_PRODUCTS_DIR; };
		A2DEA69A14A466D5005CD56F /* ICamera.h */ = {isa = PBXFileReference; fileEncoding = 4; lastKnownFileType = sourcecode.c.h; path = ICamera.h; sourceTree = "<group>"; };
		A2DEA69D14A46751005CD56F /* IFrame.h */ = {isa = PBXFileReference; fileEncoding = 4; lastKnownFileType = sourcecode.c.h; path = IFrame.h; sourceTree = "<group>"; };
		A2DEA6A014A46798005CD56F /* Matrix.h */ = {isa = PBXFileReference; fileEncoding = 4; lastKnownFileType = sourcecode.c.h; path = Matrix.h; sourceTree = "<group>"; };
		A2DEA6A114A46798005CD56F /* Quaternion.h */ = {isa = PBXFileReference; fileEncoding = 4; lastKnownFileType = sourcecode.c.h; path = Quaternion.h; sourceTree = "<group>"; };
		A2DEA6A214A46798005CD56F /* Vector.h */ = {isa = PBXFileReference; fileEncoding = 4; lastKnownFileType = sourcecode.c.h; path = Vector.h; sourceTree = "<group>"; };
		A2DEA6A814A46B32005CD56F /* GLCamera.h */ = {isa = PBXFileReference; fileEncoding = 4; lastKnownFileType = sourcecode.c.h; name = GLCamera.h; path = Include/GL/GLCamera.h; sourceTree = "<group>"; };
		A2DEA6AA14A46C2B005CD56F /* GLCamera.cpp */ = {isa = PBXFileReference; fileEncoding = 4; lastKnownFileType = sourcecode.cpp.cpp; path = GLCamera.cpp; sourceTree = "<group>"; };
		A2DEA6AC14A46F8F005CD56F /* Frame.h */ = {isa = PBXFileReference; fileEncoding = 4; lastKnownFileType = sourcecode.c.h; path = Frame.h; sourceTree = "<group>"; };
		A2F800BA14A85BF400AD78B7 /* static_mesh_export.py */ = {isa = PBXFileReference; fileEncoding = 4; lastKnownFileType = text.script.python; path = static_mesh_export.py; sourceTree = "<group>"; };
		A2F800CA14ABF91800AD78B7 /* x.mesh */ = {isa = PBXFileReference; fileEncoding = 4; lastKnownFileType = text; path = x.mesh; sourceTree = "<group>"; };
		A2F800CC14AC010400AD78B7 /* Frame.cpp */ = {isa = PBXFileReference; fileEncoding = 4; lastKnownFileType = sourcecode.cpp.cpp; path = Frame.cpp; sourceTree = "<group>"; };
		A2F800D014AC02B500AD78B7 /* Matrix.cpp */ = {isa = PBXFileReference; fileEncoding = 4; lastKnownFileType = sourcecode.cpp.cpp; path = Matrix.cpp; sourceTree = "<group>"; };
		A2F800D114AC02B500AD78B7 /* Quaternion.cpp */ = {isa = PBXFileReference; fileEncoding = 4; lastKnownFileType = sourcecode.cpp.cpp; path = Quaternion.cpp; sourceTree = "<group>"; };
		A2F800D214AC02B500AD78B7 /* Vector.cpp */ = {isa = PBXFileReference; fileEncoding = 4; lastKnownFileType = sourcecode.cpp.cpp; path = Vector.cpp; sourceTree = "<group>"; };
/* End PBXFileReference section */

/* Begin PBXFrameworksBuildPhase section */
		A20B5A7A148B57BB00C3992A /* Frameworks */ = {
			isa = PBXFrameworksBuildPhase;
			buildActionMask = 2147483647;
			files = (
			);
			runOnlyForDeploymentPostprocessing = 0;
		};
		A216BCC0148B63AC00EDE365 /* Frameworks */ = {
			isa = PBXFrameworksBuildPhase;
			buildActionMask = 2147483647;
			files = (
				A216BCE8148B6CEE00EDE365 /* libE4Gcpp.a in Frameworks */,
				A216BCD4148B6AFF00EDE365 /* libE4Ggl.a in Frameworks */,
				A216BCD3148B6AFA00EDE365 /* OpenGL.framework in Frameworks */,
				A216BCD1148B6AD900EDE365 /* GLUT.framework in Frameworks */,
			);
			runOnlyForDeploymentPostprocessing = 0;
		};
		A216BCDA148B6B9100EDE365 /* Frameworks */ = {
			isa = PBXFrameworksBuildPhase;
			buildActionMask = 2147483647;
			files = (
			);
			runOnlyForDeploymentPostprocessing = 0;
		};
		A24CC855148AFBBD00DC07E8 /* Frameworks */ = {
			isa = PBXFrameworksBuildPhase;
			buildActionMask = 2147483647;
			files = (
			);
			runOnlyForDeploymentPostprocessing = 0;
		};
		A2DD466C14B43123002822A0 /* Frameworks */ = {
			isa = PBXFrameworksBuildPhase;
			buildActionMask = 2147483647;
			files = (
				A2DD467A14B43359002822A0 /* libE4Gcpp.a in Frameworks */,
			);
			runOnlyForDeploymentPostprocessing = 0;
		};
/* End PBXFrameworksBuildPhase section */

/* Begin PBXGroup section */
		A20B5A77148B574B00C3992A /* Source */ = {
			isa = PBXGroup;
			children = (
				A2F800CF14AC02B500AD78B7 /* Math */,
				A216BCD5148B6B4500EDE365 /* stdcpp */,
				A24CC868148AFC0F00DC07E8 /* GL */,
			);
			name = Source;
			sourceTree = "<group>";
		};
		A20B5A78148B578B00C3992A /* Tests */ = {
			isa = PBXGroup;
			children = (
				A2DD466814B430E3002822A0 /* Math */,
				A216BCBE148B62CB00EDE365 /* GLRenderer */,
				A20B5A7F148B57BC00C3992A /* Unk */,
			);
			path = Tests;
			sourceTree = "<group>";
		};
		A20B5A7F148B57BC00C3992A /* Unk */ = {
			isa = PBXGroup;
			children = (
				A20B5A87148B596100C3992A /* main.cpp */,
			);
			path = Unk;
			sourceTree = "<group>";
		};
		A216BCB4148B5E0E00EDE365 /* Foundation */ = {
			isa = PBXGroup;
			children = (
				A2A6004914A07FCF007E0139 /* IAssetLoader.h */,
				A216BCB5148B5E0E00EDE365 /* IDataStore.h */,
				A216BCB6148B5E0E00EDE365 /* ISequenceReader.h */,
				A216BCB7148B5E0E00EDE365 /* ITableReader.h */,
				A216BCB8148B5E0E00EDE365 /* IUnknown.h */,
				A2A6004A14A080F0007E0139 /* TAssetCache.h */,
				A2DEA69D14A46751005CD56F /* IFrame.h */,
			);
			name = Foundation;
			path = Include/Interfaces/Foundation;
			sourceTree = "<group>";
		};
		A216BCBE148B62CB00EDE365 /* GLRenderer */ = {
			isa = PBXGroup;
			children = (
				A2DD465E14B01BBB002822A0 /* TestGLRenderer.cpp */,
			);
			path = GLRenderer;
			sourceTree = "<group>";
		};
		A216BCCF148B68E300EDE365 /* Frameworks */ = {
			isa = PBXGroup;
			children = (
				A216BCD2148B6AFA00EDE365 /* OpenGL.framework */,
				A216BCD0148B6AD900EDE365 /* GLUT.framework */,
			);
			name = Frameworks;
			sourceTree = "<group>";
		};
		A216BCD5148B6B4500EDE365 /* stdcpp */ = {
			isa = PBXGroup;
			children = (
				A216BCD6148B6B6900EDE365 /* FileSystemDataStore.cpp */,
				A216BCD7148B6B6900EDE365 /* FlatFile.cpp */,
				A216BCD8148B6B6900EDE365 /* Iris.cpp */,
				A26B5818149DC313003090A2 /* TextFile.cpp */,
				A2F800CC14AC010400AD78B7 /* Frame.cpp */,
			);
			name = stdcpp;
			path = Source/stdcpp;
			sourceTree = "<group>";
		};
		A216BCE4148B6C8700EDE365 /* stdcpp */ = {
			isa = PBXGroup;
			children = (
				A216BCE5148B6CAC00EDE365 /* FileSystemDataStore.h */,
				A216BCE6148B6CAC00EDE365 /* FlatFile.h */,
				A216BCE7148B6CAC00EDE365 /* Iris.h */,
				A26B5817149DC2EF003090A2 /* TextFile.h */,
				A2DEA6AC14A46F8F005CD56F /* Frame.h */,
			);
			name = stdcpp;
			path = Include/stdcpp;
			sourceTree = "<group>";
		};
		A24CC8331489C9D000DC07E8 = {
			isa = PBXGroup;
			children = (
				A26B581B149DC6B5003090A2 /* Data */,
				A216BCCF148B68E300EDE365 /* Frameworks */,
				A20B5A78148B578B00C3992A /* Tests */,
				A24CC869148AFC2700DC07E8 /* Out */,
				A20B5A77148B574B00C3992A /* Source */,
				A24CC86B148AFC4400DC07E8 /* Include */,
				A2DD466F14B43123002822A0 /* MathTest */,
			);
			sourceTree = "<group>";
		};
		A24CC868148AFC0F00DC07E8 /* GL */ = {
			isa = PBXGroup;
			children = (
				A27827D9148DEE07001AB506 /* GLMaterial.cpp */,
				A27827DA148DEE07001AB506 /* GLMesh.cpp */,
				A27827DB148DEE07001AB506 /* GLModel.cpp */,
				A27827DC148DEE07001AB506 /* GLRenderer.cpp */,
				A27827DD148DEE07001AB506 /* GLShader.cpp */,
				A27827DE148DEE07001AB506 /* GLTexture.cpp */,
				A2A6004714A07BD7007E0139 /* GLShaderProgram.cpp */,
				A2DEA6AA14A46C2B005CD56F /* GLCamera.cpp */,
			);
			name = GL;
			path = Source/GL;
			sourceTree = "<group>";
		};
		A24CC869148AFC2700DC07E8 /* Out */ = {
			isa = PBXGroup;
			children = (
				A216BCC3148B63AC00EDE365 /* GLTest */,
				A20B5A7D148B57BB00C3992A /* Unk */,
				A216BCDD148B6B9100EDE365 /* libE4Gcpp.a */,
				A24CC858148AFBBD00DC07E8 /* libE4Ggl.a */,
			);
			name = Out;
			sourceTree = "<group>";
		};
		A24CC86B148AFC4400DC07E8 /* Include */ = {
			isa = PBXGroup;
			children = (
				A2DEA69F14A46798005CD56F /* Math */,
				A216BCE4148B6C8700EDE365 /* stdcpp */,
				A24CC87B148AFC9700DC07E8 /* Interfaces */,
				A24CC86C148AFC5E00DC07E8 /* GL */,
			);
			name = Include;
			sourceTree = "<group>";
		};
		A24CC86C148AFC5E00DC07E8 /* GL */ = {
			isa = PBXGroup;
			children = (
				A24CC86D148AFC8100DC07E8 /* GLIncludes.h */,
				A24CC86E148AFC8100DC07E8 /* GLMaterial.h */,
				A24CC86F148AFC8100DC07E8 /* GLMesh.h */,
				A26B5814149D4B4E003090A2 /* GLSkinnedMesh.h */,
				A24CC870148AFC8100DC07E8 /* GLModel.h */,
				A24CC871148AFC8100DC07E8 /* GLRenderer.h */,
				A24CC872148AFC8100DC07E8 /* GLShader.h */,
				A24CC873148AFC8100DC07E8 /* GLTexture.h */,
				A2A6004614A07A30007E0139 /* GLShaderProgram.h */,
				A2DEA6A814A46B32005CD56F /* GLCamera.h */,
			);
			name = GL;
			sourceTree = "<group>";
		};
		A24CC87B148AFC9700DC07E8 /* Interfaces */ = {
			isa = PBXGroup;
			children = (
				A26F6B85148C9C32003C1F9F /* Renderer */,
				A216BCB4148B5E0E00EDE365 /* Foundation */,
			);
			name = Interfaces;
			sourceTree = "<group>";
		};
		A26B581B149DC6B5003090A2 /* Data */ = {
			isa = PBXGroup;
			children = (
				A2F800B714A85BAD00AD78B7 /* Scripts */,
				A2A6003C14A0762B007E0139 /* Models */,
				A2A6003914A074DC007E0139 /* Materials */,
				A26B5839149DC706003090A2 /* Meshes */,
				A26B581C149DC6D7003090A2 /* Shaders */,
				A26B5832149DC6D7003090A2 /* Textures */,
			);
			path = Data;
			sourceTree = "<group>";
		};
		A26B581C149DC6D7003090A2 /* Shaders */ = {
			isa = PBXGroup;
			children = (
				A26B5830149DC6D7003090A2 /* test.fsh */,
				A26B5831149DC6D7003090A2 /* test.vsh */,
				A2A6003F14A07931007E0139 /* test.spr */,
			);
			path = Shaders;
			sourceTree = "<group>";
		};
		A26B5832149DC6D7003090A2 /* Textures */ = {
			isa = PBXGroup;
			children = (
				A2A6003E14A07867007E0139 /* test.rgba */,
			);
			path = Textures;
			sourceTree = "<group>";
		};
		A26B5839149DC706003090A2 /* Meshes */ = {
			isa = PBXGroup;
			children = (
				A2F800CA14ABF91800AD78B7 /* x.mesh */,
				A26B583A149DC739003090A2 /* test.mesh */,
			);
			path = Meshes;
			sourceTree = "<group>";
		};
		A26F6B85148C9C32003C1F9F /* Renderer */ = {
			isa = PBXGroup;
			children = (
				A26F6B86148C9C32003C1F9F /* IMaterial.h */,
				A26F6B87148C9C32003C1F9F /* IMesh.h */,
				A26F6B88148C9C32003C1F9F /* IModel.h */,
				A26F6B89148C9C32003C1F9F /* IRenderer.h */,
				A2DEA69A14A466D5005CD56F /* ICamera.h */,
			);
			name = Renderer;
			path = Include/Interfaces/Renderer;
			sourceTree = "<group>";
		};
		A2A6003914A074DC007E0139 /* Materials */ = {
			isa = PBXGroup;
			children = (
				A2A6003B14A074FB007E0139 /* test.material */,
			);
			path = Materials;
			sourceTree = "<group>";
		};
		A2A6003C14A0762B007E0139 /* Models */ = {
			isa = PBXGroup;
			children = (
				A2A6003D14A0763F007E0139 /* test.model */,
			);
			path = Models;
			sourceTree = "<group>";
		};
		A2DD466814B430E3002822A0 /* Math */ = {
			isa = PBXGroup;
			children = (
				A2DD466914B430F6002822A0 /* MathTest.cpp */,
			);
			path = Math;
			sourceTree = "<group>";
		};
		A2DEA69F14A46798005CD56F /* Math */ = {
			isa = PBXGroup;
			children = (
				A2DEA6A014A46798005CD56F /* Matrix.h */,
				A2DEA6A114A46798005CD56F /* Quaternion.h */,
				A2DEA6A214A46798005CD56F /* Vector.h */,
			);
			name = Math;
			path = Include/Math;
			sourceTree = "<group>";
		};
		A2F800B714A85BAD00AD78B7 /* Scripts */ = {
			isa = PBXGroup;
			children = (
				A2F800B814A85BAD00AD78B7 /* blender */,
			);
			path = Scripts;
			sourceTree = "<group>";
		};
		A2F800B814A85BAD00AD78B7 /* blender */ = {
			isa = PBXGroup;
			children = (
				A2F800BA14A85BF400AD78B7 /* static_mesh_export.py */,
			);
			path = blender;
			sourceTree = "<group>";
		};
		A2F800CF14AC02B500AD78B7 /* Math */ = {
			isa = PBXGroup;
			children = (
				A2F800D014AC02B500AD78B7 /* Matrix.cpp */,
				A2F800D114AC02B500AD78B7 /* Quaternion.cpp */,
				A2F800D214AC02B500AD78B7 /* Vector.cpp */,
			);
			name = Math;
			path = Source/Math;
			sourceTree = "<group>";
		};
/* End PBXGroup section */

/* Begin PBXHeadersBuildPhase section */
		A216BCDB148B6B9100EDE365 /* Headers */ = {
			isa = PBXHeadersBuildPhase;
			buildActionMask = 2147483647;
			files = (
			);
			runOnlyForDeploymentPostprocessing = 0;
		};
		A24CC856148AFBBD00DC07E8 /* Headers */ = {
			isa = PBXHeadersBuildPhase;
			buildActionMask = 2147483647;
			files = (
				A26F6B8B148C9C32003C1F9F /* IMesh.h in Headers */,
				A26F6B8C148C9C32003C1F9F /* IModel.h in Headers */,
				A26F6B8D148C9C32003C1F9F /* IRenderer.h in Headers */,
				A26B5815149D4B4E003090A2 /* GLSkinnedMesh.h in Headers */,
				A2A6004B14A080F0007E0139 /* TAssetCache.h in Headers */,
				A2DEA69B14A466D5005CD56F /* ICamera.h in Headers */,
				A2DEA6A314A46798005CD56F /* Matrix.h in Headers */,
				A2DEA6A414A46798005CD56F /* Quaternion.h in Headers */,
				A2DEA6A514A46798005CD56F /* Vector.h in Headers */,
				A2DEA6A914A46B32005CD56F /* GLCamera.h in Headers */,
				A2DEA6AD14A46F8F005CD56F /* Frame.h in Headers */,
			);
			runOnlyForDeploymentPostprocessing = 0;
		};
/* End PBXHeadersBuildPhase section */

/* Begin PBXNativeTarget section */
		A20B5A7C148B57BB00C3992A /* Unk */ = {
			isa = PBXNativeTarget;
			buildConfigurationList = A20B5A84148B57BC00C3992A /* Build configuration list for PBXNativeTarget "Unk" */;
			buildPhases = (
				A20B5A79148B57BB00C3992A /* Sources */,
				A20B5A7A148B57BB00C3992A /* Frameworks */,
				A20B5A7B148B57BB00C3992A /* CopyFiles */,
			);
			buildRules = (
			);
			dependencies = (
			);
			name = Unk;
			productName = Unk;
			productReference = A20B5A7D148B57BB00C3992A /* Unk */;
			productType = "com.apple.product-type.tool";
		};
		A216BCC2148B63AC00EDE365 /* GLTest */ = {
			isa = PBXNativeTarget;
			buildConfigurationList = A216BCCA148B63AC00EDE365 /* Build configuration list for PBXNativeTarget "GLTest" */;
			buildPhases = (
				A216BCBF148B63AC00EDE365 /* Sources */,
				A216BCC0148B63AC00EDE365 /* Frameworks */,
				A216BCC1148B63AC00EDE365 /* CopyFiles */,
			);
			buildRules = (
			);
			dependencies = (
			);
			name = GLTest;
			productName = GLTest;
			productReference = A216BCC3148B63AC00EDE365 /* GLTest */;
			productType = "com.apple.product-type.tool";
		};
		A216BCDC148B6B9100EDE365 /* E4Gcpp */ = {
			isa = PBXNativeTarget;
			buildConfigurationList = A216BCDE148B6B9100EDE365 /* Build configuration list for PBXNativeTarget "E4Gcpp" */;
			buildPhases = (
				A216BCD9148B6B9100EDE365 /* Sources */,
				A216BCDA148B6B9100EDE365 /* Frameworks */,
				A216BCDB148B6B9100EDE365 /* Headers */,
			);
			buildRules = (
			);
			dependencies = (
			);
			name = E4Gcpp;
			productName = E4Gcpp;
			productReference = A216BCDD148B6B9100EDE365 /* libE4Gcpp.a */;
			productType = "com.apple.product-type.library.static";
		};
		A24CC857148AFBBD00DC07E8 /* E4Ggl */ = {
			isa = PBXNativeTarget;
			buildConfigurationList = A24CC859148AFBBD00DC07E8 /* Build configuration list for PBXNativeTarget "E4Ggl" */;
			buildPhases = (
				A24CC854148AFBBD00DC07E8 /* Sources */,
				A24CC855148AFBBD00DC07E8 /* Frameworks */,
				A24CC856148AFBBD00DC07E8 /* Headers */,
			);
			buildRules = (
			);
			dependencies = (
			);
			name = E4Ggl;
			productName = E4Ggl;
			productReference = A24CC858148AFBBD00DC07E8 /* libE4Ggl.a */;
			productType = "com.apple.product-type.library.static";
		};
		A2DD466E14B43123002822A0 /* MathTest */ = {
			isa = PBXNativeTarget;
			buildConfigurationList = A2DD467614B43124002822A0 /* Build configuration list for PBXNativeTarget "MathTest" */;
			buildPhases = (
				A2DD466B14B43123002822A0 /* Sources */,
				A2DD466C14B43123002822A0 /* Frameworks */,
				A2DD466D14B43123002822A0 /* CopyFiles */,
			);
			buildRules = (
			);
			dependencies = (
			);
			name = MathTest;
			productName = MathTest;
			productReference = A2DD466F14B43123002822A0 /* MathTest */;
			productType = "com.apple.product-type.tool";
		};
/* End PBXNativeTarget section */

/* Begin PBXProject section */
		A24CC8351489C9D000DC07E8 /* Project object */ = {
			isa = PBXProject;
			attributes = {
				LastUpgradeCheck = 0420;
			};
			buildConfigurationList = A24CC8381489C9D000DC07E8 /* Build configuration list for PBXProject "E4Gamma" */;
			compatibilityVersion = "Xcode 3.2";
			developmentRegion = English;
			hasScannedForEncodings = 0;
			knownRegions = (
				en,
			);
			mainGroup = A24CC8331489C9D000DC07E8;
			productRefGroup = A24CC8331489C9D000DC07E8;
			projectDirPath = "";
			projectRoot = "";
			targets = (
				A24CC857148AFBBD00DC07E8 /* E4Ggl */,
				A20B5A7C148B57BB00C3992A /* Unk */,
				A216BCC2148B63AC00EDE365 /* GLTest */,
				A216BCDC148B6B9100EDE365 /* E4Gcpp */,
				A2DD466E14B43123002822A0 /* MathTest */,
			);
		};
/* End PBXProject section */

/* Begin PBXSourcesBuildPhase section */
		A20B5A79148B57BB00C3992A /* Sources */ = {
			isa = PBXSourcesBuildPhase;
			buildActionMask = 2147483647;
			files = (
				A20B5A89148B596800C3992A /* main.cpp in Sources */,
			);
			runOnlyForDeploymentPostprocessing = 0;
		};
		A216BCBF148B63AC00EDE365 /* Sources */ = {
			isa = PBXSourcesBuildPhase;
			buildActionMask = 2147483647;
			files = (
				A2DD466114B01C94002822A0 /* TestGLRenderer.cpp in Sources */,
			);
			runOnlyForDeploymentPostprocessing = 0;
		};
		A216BCD9148B6B9100EDE365 /* Sources */ = {
			isa = PBXSourcesBuildPhase;
			buildActionMask = 2147483647;
			files = (
				A216BCE1148B6BA200EDE365 /* FileSystemDataStore.cpp in Sources */,
				A216BCE2148B6BA200EDE365 /* FlatFile.cpp in Sources */,
				A216BCE3148B6BA200EDE365 /* Iris.cpp in Sources */,
				A26B581A149DC3AF003090A2 /* TextFile.cpp in Sources */,
				A2F800CE14AC01B000AD78B7 /* Frame.cpp in Sources */,
				A2F800D614AC0D9A00AD78B7 /* Matrix.cpp in Sources */,
				A2F800D714AC0DA300AD78B7 /* Quaternion.cpp in Sources */,
				A2F800D814AC0DA700AD78B7 /* Vector.cpp in Sources */,
			);
			runOnlyForDeploymentPostprocessing = 0;
		};
		A24CC854148AFBBD00DC07E8 /* Sources */ = {
			isa = PBXSourcesBuildPhase;
			buildActionMask = 2147483647;
			files = (
				A27827DF148DEE07001AB506 /* GLMaterial.cpp in Sources */,
				A27827E0148DEE07001AB506 /* GLMesh.cpp in Sources */,
				A27827E1148DEE07001AB506 /* GLModel.cpp in Sources */,
				A27827E2148DEE07001AB506 /* GLRenderer.cpp in Sources */,
				A27827E3148DEE07001AB506 /* GLShader.cpp in Sources */,
				A27827E4148DEE07001AB506 /* GLTexture.cpp in Sources */,
				A26B5837149DC6D7003090A2 /* test.fsh in Sources */,
				A26B5838149DC6D7003090A2 /* test.vsh in Sources */,
				A2A6004814A07BD7007E0139 /* GLShaderProgram.cpp in Sources */,
				A2DEA6AB14A46C2B005CD56F /* GLCamera.cpp in Sources */,
			);
			runOnlyForDeploymentPostprocessing = 0;
		};
		A2DD466B14B43123002822A0 /* Sources */ = {
			isa = PBXSourcesBuildPhase;
			buildActionMask = 2147483647;
			files = (
				A2DD467914B43143002822A0 /* MathTest.cpp in Sources */,
			);
			runOnlyForDeploymentPostprocessing = 0;
		};
/* End PBXSourcesBuildPhase section */

/* Begin XCBuildConfiguration section */
		A20B5A85148B57BC00C3992A /* Debug */ = {
			isa = XCBuildConfiguration;
			buildSettings = {
				ALWAYS_SEARCH_USER_PATHS = NO;
				ARCHS = "$(ARCHS_STANDARD_64_BIT)";
				COPY_PHASE_STRIP = NO;
				GCC_C_LANGUAGE_STANDARD = gnu99;
				GCC_DYNAMIC_NO_PIC = NO;
				GCC_ENABLE_OBJC_EXCEPTIONS = YES;
				GCC_OPTIMIZATION_LEVEL = 0;
				GCC_PREPROCESSOR_DEFINITIONS = (
					"DEBUG=1",
					"$(inherited)",
				);
				GCC_SYMBOLS_PRIVATE_EXTERN = NO;
				GCC_VERSION = com.apple.compilers.llvm.clang.1_0;
				GCC_WARN_64_TO_32_BIT_CONVERSION = YES;
				GCC_WARN_ABOUT_MISSING_PROTOTYPES = YES;
				GCC_WARN_ABOUT_RETURN_TYPE = YES;
				GCC_WARN_UNUSED_VARIABLE = YES;
				HEADER_SEARCH_PATHS = Include;
				MACOSX_DEPLOYMENT_TARGET = 10.7;
				ONLY_ACTIVE_ARCH = YES;
				PRODUCT_NAME = "$(TARGET_NAME)";
				SDKROOT = macosx;
			};
			name = Debug;
		};
		A20B5A86148B57BC00C3992A /* Release */ = {
			isa = XCBuildConfiguration;
			buildSettings = {
				ALWAYS_SEARCH_USER_PATHS = NO;
				ARCHS = "$(ARCHS_STANDARD_64_BIT)";
				COPY_PHASE_STRIP = YES;
				DEBUG_INFORMATION_FORMAT = "dwarf-with-dsym";
				GCC_C_LANGUAGE_STANDARD = gnu99;
				GCC_ENABLE_OBJC_EXCEPTIONS = YES;
				GCC_VERSION = com.apple.compilers.llvm.clang.1_0;
				GCC_WARN_64_TO_32_BIT_CONVERSION = YES;
				GCC_WARN_ABOUT_MISSING_PROTOTYPES = YES;
				GCC_WARN_ABOUT_RETURN_TYPE = YES;
				GCC_WARN_UNUSED_VARIABLE = YES;
				HEADER_SEARCH_PATHS = Include;
				MACOSX_DEPLOYMENT_TARGET = 10.7;
				PRODUCT_NAME = "$(TARGET_NAME)";
				SDKROOT = macosx;
			};
			name = Release;
		};
		A216BCCB148B63AC00EDE365 /* Debug */ = {
			isa = XCBuildConfiguration;
			buildSettings = {
				ALWAYS_SEARCH_USER_PATHS = NO;
				ARCHS = "$(ARCHS_STANDARD_64_BIT)";
				COPY_PHASE_STRIP = NO;
				FRAMEWORK_SEARCH_PATHS = "";
				GCC_C_LANGUAGE_STANDARD = gnu99;
				GCC_DYNAMIC_NO_PIC = NO;
				GCC_ENABLE_OBJC_EXCEPTIONS = YES;
				GCC_OPTIMIZATION_LEVEL = 0;
				GCC_PREPROCESSOR_DEFINITIONS = (
					"DEBUG=1",
					"$(inherited)",
				);
				GCC_SYMBOLS_PRIVATE_EXTERN = NO;
				GCC_VERSION = com.apple.compilers.llvm.clang.1_0;
				GCC_WARN_64_TO_32_BIT_CONVERSION = YES;
				GCC_WARN_ABOUT_MISSING_PROTOTYPES = YES;
				GCC_WARN_ABOUT_RETURN_TYPE = YES;
				GCC_WARN_UNUSED_VARIABLE = YES;
				HEADER_SEARCH_PATHS = Include;
				LIBRARY_SEARCH_PATHS = Lib;
				MACOSX_DEPLOYMENT_TARGET = 10.7;
				ONLY_ACTIVE_ARCH = YES;
				PRELINK_LIBS = "";
				PRODUCT_NAME = "$(TARGET_NAME)";
				SDKROOT = macosx;
			};
			name = Debug;
		};
		A216BCCC148B63AC00EDE365 /* Release */ = {
			isa = XCBuildConfiguration;
			buildSettings = {
				ALWAYS_SEARCH_USER_PATHS = NO;
				ARCHS = "$(ARCHS_STANDARD_64_BIT)";
				COPY_PHASE_STRIP = YES;
				DEBUG_INFORMATION_FORMAT = "dwarf-with-dsym";
				FRAMEWORK_SEARCH_PATHS = "";
				GCC_C_LANGUAGE_STANDARD = gnu99;
				GCC_ENABLE_OBJC_EXCEPTIONS = YES;
				GCC_VERSION = com.apple.compilers.llvm.clang.1_0;
				GCC_WARN_64_TO_32_BIT_CONVERSION = YES;
				GCC_WARN_ABOUT_MISSING_PROTOTYPES = YES;
				GCC_WARN_ABOUT_RETURN_TYPE = YES;
				GCC_WARN_UNUSED_VARIABLE = YES;
				HEADER_SEARCH_PATHS = Include;
				LIBRARY_SEARCH_PATHS = Lib;
				MACOSX_DEPLOYMENT_TARGET = 10.7;
				PRELINK_LIBS = "";
				PRODUCT_NAME = "$(TARGET_NAME)";
				SDKROOT = macosx;
			};
			name = Release;
		};
		A216BCDF148B6B9100EDE365 /* Debug */ = {
			isa = XCBuildConfiguration;
			buildSettings = {
				ALWAYS_SEARCH_USER_PATHS = NO;
				ARCHS = "$(ARCHS_STANDARD_64_BIT)";
				COPY_PHASE_STRIP = NO;
				EXECUTABLE_PREFIX = lib;
				GCC_C_LANGUAGE_STANDARD = gnu99;
				GCC_DYNAMIC_NO_PIC = NO;
				GCC_ENABLE_OBJC_EXCEPTIONS = YES;
				GCC_OPTIMIZATION_LEVEL = 0;
				GCC_PREPROCESSOR_DEFINITIONS = (
					"DEBUG=1",
					"$(inherited)",
				);
				GCC_SYMBOLS_PRIVATE_EXTERN = NO;
				GCC_VERSION = com.apple.compilers.llvm.clang.1_0;
				GCC_WARN_64_TO_32_BIT_CONVERSION = YES;
				GCC_WARN_ABOUT_MISSING_PROTOTYPES = YES;
				GCC_WARN_ABOUT_RETURN_TYPE = YES;
				GCC_WARN_UNUSED_VARIABLE = YES;
				HEADER_SEARCH_PATHS = Include;
				MACOSX_DEPLOYMENT_TARGET = 10.7;
				ONLY_ACTIVE_ARCH = YES;
				PRODUCT_NAME = "$(TARGET_NAME)";
				SDKROOT = macosx;
			};
			name = Debug;
		};
		A216BCE0148B6B9100EDE365 /* Release */ = {
			isa = XCBuildConfiguration;
			buildSettings = {
				ALWAYS_SEARCH_USER_PATHS = NO;
				ARCHS = "$(ARCHS_STANDARD_64_BIT)";
				COPY_PHASE_STRIP = YES;
				DEBUG_INFORMATION_FORMAT = "dwarf-with-dsym";
				EXECUTABLE_PREFIX = lib;
				GCC_C_LANGUAGE_STANDARD = gnu99;
				GCC_ENABLE_OBJC_EXCEPTIONS = YES;
				GCC_VERSION = com.apple.compilers.llvm.clang.1_0;
				GCC_WARN_64_TO_32_BIT_CONVERSION = YES;
				GCC_WARN_ABOUT_MISSING_PROTOTYPES = YES;
				GCC_WARN_ABOUT_RETURN_TYPE = YES;
				GCC_WARN_UNUSED_VARIABLE = YES;
				HEADER_SEARCH_PATHS = Include;
				MACOSX_DEPLOYMENT_TARGET = 10.7;
				PRODUCT_NAME = "$(TARGET_NAME)";
				SDKROOT = macosx;
			};
			name = Release;
		};
		A24CC83A1489C9D000DC07E8 /* Debug */ = {
			isa = XCBuildConfiguration;
			buildSettings = {
				CLANG_CXX_LANGUAGE_STANDARD = "c++0x";
				CLANG_CXX_LIBRARY = "libc++";
				CONFIGURATION_TEMP_DIR = "Object/$(CONFIGURATION)";
				HEADER_SEARCH_PATHS = Include;
				LIBRARY_SEARCH_PATHS = Lib;
				OBJROOT = Object;
				SYMROOT = Lib/Debug;
			};
			name = Debug;
		};
		A24CC83B1489C9D000DC07E8 /* Release */ = {
			isa = XCBuildConfiguration;
			buildSettings = {
				CLANG_CXX_LANGUAGE_STANDARD = "c++0x";
				CLANG_CXX_LIBRARY = "libc++";
				CONFIGURATION_TEMP_DIR = Object/Debug;
				HEADER_SEARCH_PATHS = Include;
				LIBRARY_SEARCH_PATHS = Lib;
				OBJROOT = Object;
				SYMROOT = Lib;
			};
			name = Release;
		};
		A24CC85A148AFBBD00DC07E8 /* Debug */ = {
			isa = XCBuildConfiguration;
			buildSettings = {
				ALWAYS_SEARCH_USER_PATHS = NO;
				ARCHS = "$(ARCHS_STANDARD_64_BIT)";
				CONFIGURATION_TEMP_DIR = "Object/$(CONFIGURATION)";
				COPY_PHASE_STRIP = NO;
				EXECUTABLE_PREFIX = lib;
				GCC_C_LANGUAGE_STANDARD = gnu99;
				GCC_DYNAMIC_NO_PIC = NO;
				GCC_ENABLE_OBJC_EXCEPTIONS = YES;
				GCC_OPTIMIZATION_LEVEL = 0;
				GCC_PREPROCESSOR_DEFINITIONS = (
					"DEBUG=1",
					"$(inherited)",
				);
				GCC_SYMBOLS_PRIVATE_EXTERN = NO;
				GCC_TREAT_WARNINGS_AS_ERRORS = YES;
				GCC_VERSION = com.apple.compilers.llvm.clang.1_0;
				GCC_WARN_64_TO_32_BIT_CONVERSION = YES;
				GCC_WARN_ABOUT_MISSING_PROTOTYPES = YES;
				GCC_WARN_ABOUT_RETURN_TYPE = YES;
				GCC_WARN_UNUSED_VARIABLE = YES;
				HEADER_SEARCH_PATHS = Include;
				INCLUDED_RECURSIVE_SEARCH_PATH_SUBDIRECTORIES = "";
				MACOSX_DEPLOYMENT_TARGET = 10.7;
				ONLY_ACTIVE_ARCH = YES;
				PRODUCT_NAME = "$(TARGET_NAME)";
				SDKROOT = macosx;
				USER_HEADER_SEARCH_PATHS = "";
			};
			name = Debug;
		};
		A24CC85B148AFBBD00DC07E8 /* Release */ = {
			isa = XCBuildConfiguration;
			buildSettings = {
				ALWAYS_SEARCH_USER_PATHS = NO;
				ARCHS = "$(ARCHS_STANDARD_64_BIT)";
				CONFIGURATION_TEMP_DIR = "Object/$(CONFIGURATION)";
				COPY_PHASE_STRIP = YES;
				DEBUG_INFORMATION_FORMAT = "dwarf-with-dsym";
				EXECUTABLE_PREFIX = lib;
				GCC_C_LANGUAGE_STANDARD = gnu99;
				GCC_ENABLE_OBJC_EXCEPTIONS = YES;
				GCC_TREAT_WARNINGS_AS_ERRORS = YES;
				GCC_VERSION = com.apple.compilers.llvm.clang.1_0;
				GCC_WARN_64_TO_32_BIT_CONVERSION = YES;
				GCC_WARN_ABOUT_MISSING_PROTOTYPES = YES;
				GCC_WARN_ABOUT_RETURN_TYPE = YES;
				GCC_WARN_UNUSED_VARIABLE = YES;
				HEADER_SEARCH_PATHS = Include;
				INCLUDED_RECURSIVE_SEARCH_PATH_SUBDIRECTORIES = "";
				MACOSX_DEPLOYMENT_TARGET = 10.7;
				PRODUCT_NAME = "$(TARGET_NAME)";
				SDKROOT = macosx;
				USER_HEADER_SEARCH_PATHS = "";
			};
			name = Release;
		};
		A2DD467714B43124002822A0 /* Debug */ = {
			isa = XCBuildConfiguration;
			buildSettings = {
				ALWAYS_SEARCH_USER_PATHS = NO;
				ARCHS = "$(ARCHS_STANDARD_64_BIT)";
				COPY_PHASE_STRIP = NO;
				GCC_C_LANGUAGE_STANDARD = gnu99;
				GCC_DYNAMIC_NO_PIC = NO;
				GCC_ENABLE_OBJC_EXCEPTIONS = YES;
				GCC_OPTIMIZATION_LEVEL = 0;
				GCC_PREPROCESSOR_DEFINITIONS = (
					"DEBUG=1",
					"$(inherited)",
				);
				GCC_SYMBOLS_PRIVATE_EXTERN = NO;
				GCC_VERSION = com.apple.compilers.llvm.clang.1_0;
				GCC_WARN_64_TO_32_BIT_CONVERSION = YES;
				GCC_WARN_ABOUT_MISSING_PROTOTYPES = YES;
				GCC_WARN_ABOUT_RETURN_TYPE = YES;
				GCC_WARN_UNUSED_VARIABLE = YES;
				MACOSX_DEPLOYMENT_TARGET = 10.7;
				ONLY_ACTIVE_ARCH = YES;
				PRODUCT_NAME = "$(TARGET_NAME)";
				SDKROOT = macosx;
			};
			name = Debug;
		};
		A2DD467814B43124002822A0 /* Release */ = {
			isa = XCBuildConfiguration;
			buildSettings = {
				ALWAYS_SEARCH_USER_PATHS = NO;
				ARCHS = "$(ARCHS_STANDARD_64_BIT)";
				COPY_PHASE_STRIP = YES;
				DEBUG_INFORMATION_FORMAT = "dwarf-with-dsym";
				GCC_C_LANGUAGE_STANDARD = gnu99;
				GCC_ENABLE_OBJC_EXCEPTIONS = YES;
				GCC_VERSION = com.apple.compilers.llvm.clang.1_0;
				GCC_WARN_64_TO_32_BIT_CONVERSION = YES;
				GCC_WARN_ABOUT_MISSING_PROTOTYPES = YES;
				GCC_WARN_ABOUT_RETURN_TYPE = YES;
				GCC_WARN_UNUSED_VARIABLE = YES;
				MACOSX_DEPLOYMENT_TARGET = 10.7;
				PRODUCT_NAME = "$(TARGET_NAME)";
				SDKROOT = macosx;
			};
			name = Release;
		};
/* End XCBuildConfiguration section */

/* Begin XCConfigurationList section */
		A20B5A84148B57BC00C3992A /* Build configuration list for PBXNativeTarget "Unk" */ = {
			isa = XCConfigurationList;
			buildConfigurations = (
				A20B5A85148B57BC00C3992A /* Debug */,
				A20B5A86148B57BC00C3992A /* Release */,
			);
			defaultConfigurationIsVisible = 0;
			defaultConfigurationName = Release;
		};
		A216BCCA148B63AC00EDE365 /* Build configuration list for PBXNativeTarget "GLTest" */ = {
			isa = XCConfigurationList;
			buildConfigurations = (
				A216BCCB148B63AC00EDE365 /* Debug */,
				A216BCCC148B63AC00EDE365 /* Release */,
			);
			defaultConfigurationIsVisible = 0;
			defaultConfigurationName = Release;
		};
		A216BCDE148B6B9100EDE365 /* Build configuration list for PBXNativeTarget "E4Gcpp" */ = {
			isa = XCConfigurationList;
			buildConfigurations = (
				A216BCDF148B6B9100EDE365 /* Debug */,
				A216BCE0148B6B9100EDE365 /* Release */,
			);
			defaultConfigurationIsVisible = 0;
			defaultConfigurationName = Release;
		};
		A24CC8381489C9D000DC07E8 /* Build configuration list for PBXProject "E4Gamma" */ = {
			isa = XCConfigurationList;
			buildConfigurations = (
				A24CC83A1489C9D000DC07E8 /* Debug */,
				A24CC83B1489C9D000DC07E8 /* Release */,
			);
			defaultConfigurationIsVisible = 0;
			defaultConfigurationName = Release;
		};
		A24CC859148AFBBD00DC07E8 /* Build configuration list for PBXNativeTarget "E4Ggl" */ = {
			isa = XCConfigurationList;
			buildConfigurations = (
				A24CC85A148AFBBD00DC07E8 /* Debug */,
				A24CC85B148AFBBD00DC07E8 /* Release */,
			);
			defaultConfigurationIsVisible = 0;
			defaultConfigurationName = Release;
		};
		A2DD467614B43124002822A0 /* Build configuration list for PBXNativeTarget "MathTest" */ = {
			isa = XCConfigurationList;
			buildConfigurations = (
				A2DD467714B43124002822A0 /* Debug */,
				A2DD467814B43124002822A0 /* Release */,
			);
			defaultConfigurationIsVisible = 0;
		};
/* End XCConfigurationList section */
	};
	rootObject = A24CC8351489C9D000DC07E8 /* Project object */;
}
